// !$*UTF8*$!
{
	archiveVersion = 1;
	classes = {
	};
	objectVersion = 48;
	objects = {

/* Begin PBXBuildFile section */
		FD33329D20BFD3DC00578F73 /* AppDelegate.m in Sources */ = {isa = PBXBuildFile; fileRef = FD33329C20BFD3DC00578F73 /* AppDelegate.m */; };
		FD3332A020BFD3DC00578F73 /* ViewController.m in Sources */ = {isa = PBXBuildFile; fileRef = FD33329F20BFD3DC00578F73 /* ViewController.m */; };
		FD3332A320BFD3DC00578F73 /* Main.storyboard in Resources */ = {isa = PBXBuildFile; fileRef = FD3332A120BFD3DC00578F73 /* Main.storyboard */; };
		FD3332A520BFD3DC00578F73 /* Assets.xcassets in Resources */ = {isa = PBXBuildFile; fileRef = FD3332A420BFD3DC00578F73 /* Assets.xcassets */; };
		FD3332A820BFD3DC00578F73 /* LaunchScreen.storyboard in Resources */ = {isa = PBXBuildFile; fileRef = FD3332A620BFD3DC00578F73 /* LaunchScreen.storyboard */; };
		FD3332AB20BFD3DC00578F73 /* main.m in Sources */ = {isa = PBXBuildFile; fileRef = FD3332AA20BFD3DC00578F73 /* main.m */; };
/* End PBXBuildFile section */

/* Begin PBXFileReference section */
		FD33329820BFD3DC00578F73 /* DynamicBackgroundTable.app */ = {isa = PBXFileReference; explicitFileType = wrapper.application; includeInIndex = 0; path = DynamicBackgroundTable.app; sourceTree = BUILT_PRODUCTS_DIR; };
		FD33329B20BFD3DC00578F73 /* AppDelegate.h */ = {isa = PBXFileReference; lastKnownFileType = sourcecode.c.h; path = AppDelegate.h; sourceTree = "<group>"; };
		FD33329C20BFD3DC00578F73 /* AppDelegate.m */ = {isa = PBXFileReference; lastKnownFileType = sourcecode.c.objc; path = AppDelegate.m; sourceTree = "<group>"; };
		FD33329E20BFD3DC00578F73 /* ViewController.h */ = {isa = PBXFileReference; lastKnownFileType = sourcecode.c.h; path = ViewController.h; sourceTree = "<group>"; };
		FD33329F20BFD3DC00578F73 /* ViewController.m */ = {isa = PBXFileReference; lastKnownFileType = sourcecode.c.objc; path = ViewController.m; sourceTree = "<group>"; };
		FD3332A220BFD3DC00578F73 /* Base */ = {isa = PBXFileReference; lastKnownFileType = file.storyboard; name = Base; path = Base.lproj/Main.storyboard; sourceTree = "<group>"; };
		FD3332A420BFD3DC00578F73 /* Assets.xcassets */ = {isa = PBXFileReference; lastKnownFileType = folder.assetcatalog; path = Assets.xcassets; sourceTree = "<group>"; };
		FD3332A720BFD3DC00578F73 /* Base */ = {isa = PBXFileReference; lastKnownFileType = file.storyboard; name = Base; path = Base.lproj/LaunchScreen.storyboard; sourceTree = "<group>"; };
		FD3332A920BFD3DC00578F73 /* Info.plist */ = {isa = PBXFileReference; lastKnownFileType = text.plist.xml; path = Info.plist; sourceTree = "<group>"; };
		FD3332AA20BFD3DC00578F73 /* main.m */ = {isa = PBXFileReference; lastKnownFileType = sourcecode.c.objc; path = main.m; sourceTree = "<group>"; };
/* End PBXFileReference section */

/* Begin PBXFrameworksBuildPhase section */
		FD33329520BFD3DC00578F73 /* Frameworks */ = {
			isa = PBXFrameworksBuildPhase;
			buildActionMask = 2147483647;
			files = (
			);
			runOnlyForDeploymentPostprocessing = 0;
		};
/* End PBXFrameworksBuildPhase section */

/* Begin PBXGroup section */
		FD33328F20BFD3DC00578F73 = {
			isa = PBXGroup;
			children = (
				FD33329A20BFD3DC00578F73 /* DynamicBackgroundTable */,
				FD33329920BFD3DC00578F73 /* Products */,
			);
			sourceTree = "<group>";
		};
		FD33329920BFD3DC00578F73 /* Products */ = {
			isa = PBXGroup;
			children = (
				FD33329820BFD3DC00578F73 /* DynamicBackgroundTable.app */,
			);
			name = Products;
			sourceTree = "<group>";
		};
		FD33329A20BFD3DC00578F73 /* DynamicBackgroundTable */ = {
			isa = PBXGroup;
			children = (
				FD33329B20BFD3DC00578F73 /* AppDelegate.h */,
				FD33329C20BFD3DC00578F73 /* AppDelegate.m */,
				FD33329E20BFD3DC00578F73 /* ViewController.h */,
				FD33329F20BFD3DC00578F73 /* ViewController.m */,
				FD3332A120BFD3DC00578F73 /* Main.storyboard */,
				FD3332A420BFD3DC00578F73 /* Assets.xcassets */,
				FD3332A620BFD3DC00578F73 /* LaunchScreen.storyboard */,
				FD3332A920BFD3DC00578F73 /* Info.plist */,
				FD3332AA20BFD3DC00578F73 /* main.m */,
			);
			path = DynamicBackgroundTable;
			sourceTree = "<group>";
		};
/* End PBXGroup section */

/* Begin PBXNativeTarget section */
		FD33329720BFD3DC00578F73 /* DynamicBackgroundTable */ = {
			isa = PBXNativeTarget;
			buildConfigurationList = FD3332AE20BFD3DC00578F73 /* Build configuration list for PBXNativeTarget "DynamicBackgroundTable" */;
			buildPhases = (
				FD33329420BFD3DC00578F73 /* Sources */,
				FD33329520BFD3DC00578F73 /* Frameworks */,
				FD33329620BFD3DC00578F73 /* Resources */,
			);
			buildRules = (
			);
			dependencies = (
			);
			name = DynamicBackgroundTable;
			productName = DynamicBackgroundTable;
			productReference = FD33329820BFD3DC00578F73 /* DynamicBackgroundTable.app */;
			productType = "com.apple.product-type.application";
		};
/* End PBXNativeTarget section */

/* Begin PBXProject section */
		FD33329020BFD3DC00578F73 /* Project object */ = {
			isa = PBXProject;
			attributes = {
				LastUpgradeCheck = 0920;
				ORGANIZATIONNAME = pro_cookie;
				TargetAttributes = {
					FD33329720BFD3DC00578F73 = {
						CreatedOnToolsVersion = 9.2;
						ProvisioningStyle = Automatic;
					};
				};
			};
			buildConfigurationList = FD33329320BFD3DC00578F73 /* Build configuration list for PBXProject "DynamicBackgroundTable" */;
			compatibilityVersion = "Xcode 8.0";
			developmentRegion = en;
			hasScannedForEncodings = 0;
			knownRegions = (
				en,
				Base,
			);
			mainGroup = FD33328F20BFD3DC00578F73;
			productRefGroup = FD33329920BFD3DC00578F73 /* Products */;
			projectDirPath = "";
			projectRoot = "";
			targets = (
				FD33329720BFD3DC00578F73 /* DynamicBackgroundTable */,
			);
		};
/* End PBXProject section */

/* Begin PBXResourcesBuildPhase section */
		FD33329620BFD3DC00578F73 /* Resources */ = {
			isa = PBXResourcesBuildPhase;
			buildActionMask = 2147483647;
			files = (
				FD3332A820BFD3DC00578F73 /* LaunchScreen.storyboard in Resources */,
				FD3332A520BFD3DC00578F73 /* Assets.xcassets in Resources */,
				FD3332A320BFD3DC00578F73 /* Main.storyboard in Resources */,
			);
			runOnlyForDeploymentPostprocessing = 0;
		};
/* End PBXResourcesBuildPhase section */

/* Begin PBXSourcesBuildPhase section */
		FD33329420BFD3DC00578F73 /* Sources */ = {
			isa = PBXSourcesBuildPhase;
			buildActionMask = 2147483647;
			files = (
				FD3332A020BFD3DC00578F73 /* ViewController.m in Sources */,
				FD3332AB20BFD3DC00578F73 /* main.m in Sources */,
				FD33329D20BFD3DC00578F73 /* AppDelegate.m in Sources */,
			);
			runOnlyForDeploymentPostprocessing = 0;
		};
/* End PBXSourcesBuildPhase section */

/* Begin PBXVariantGroup section */
		FD3332A120BFD3DC00578F73 /* Main.storyboard */ = {
			isa = PBXVariantGroup;
			children = (
				FD3332A220BFD3DC00578F73 /* Base */,
			);
			name = Main.storyboard;
			sourceTree = "<group>";
		};
		FD3332A620BFD3DC00578F73 /* LaunchScreen.storyboard */ = {
			isa = PBXVariantGroup;
			children = (
				FD3332A720BFD3DC00578F73 /* Base */,
			);
			name = LaunchScreen.storyboard;
			sourceTree = "<group>";
		};
/* End PBXVariantGroup section */

/* Begin XCBuildConfiguration section */
		FD3332AC20BFD3DC00578F73 /* Debug */ = {
			isa = XCBuildConfiguration;
			buildSettings = {
				ALWAYS_SEARCH_USER_PATHS = NO;
				CLANG_ANALYZER_NONNULL = YES;
				CLANG_ANALYZER_NUMBER_OBJECT_CONVERSION = YES_AGGRESSIVE;
				CLANG_CXX_LANGUAGE_STANDARD = "gnu++14";
				CLANG_CXX_LIBRARY = "libc++";
				CLANG_ENABLE_MODULES = YES;
				CLANG_ENABLE_OBJC_ARC = YES;
				CLANG_WARN_BLOCK_CAPTURE_AUTORELEASING = YES;
				CLANG_WARN_BOOL_CONVERSION = YES;
				CLANG_WARN_COMMA = YES;
				CLANG_WARN_CONSTANT_CONVERSION = YES;
				CLANG_WARN_DIRECT_OBJC_ISA_USAGE = YES_ERROR;
				CLANG_WARN_DOCUMENTATION_COMMENTS = YES;
				CLANG_WARN_EMPTY_BODY = YES;
				CLANG_WARN_ENUM_CONVERSION = YES;
				CLANG_WARN_INFINITE_RECURSION = YES;
				CLANG_WARN_INT_CONVERSION = YES;
				CLANG_WARN_NON_LITERAL_NULL_CONVERSION = YES;
				CLANG_WARN_OBJC_LITERAL_CONVERSION = YES;
				CLANG_WARN_OBJC_ROOT_CLASS = YES_ERROR;
				CLANG_WARN_RANGE_LOOP_ANALYSIS = YES;
				CLANG_WARN_STRICT_PROTOTYPES = YES;
				CLANG_WARN_SUSPICIOUS_MOVE = YES;
				CLANG_WARN_UNGUARDED_AVAILABILITY = YES_AGGRESSIVE;
				CLANG_WARN_UNREACHABLE_CODE = YES;
				CLANG_WARN__DUPLICATE_METHOD_MATCH = YES;
				CODE_SIGN_IDENTITY = "iPhone Developer";
				COPY_PHASE_STRIP = NO;
				DEBUG_INFORMATION_FORMAT = dwarf;
				ENABLE_STRICT_OBJC_MSGSEND = YES;
				ENABLE_TESTABILITY = YES;
				GCC_C_LANGUAGE_STANDARD = gnu11;
				GCC_DYNAMIC_NO_PIC = NO;
				GCC_NO_COMMON_BLOCKS = YES;
				GCC_OPTIMIZATION_LEVEL = 0;
				GCC_PREPROCESSOR_DEFINITIONS = (
					"DEBUG=1",
					"$(inherited)",
				);
				GCC_WARN_64_TO_32_BIT_CONVERSION = YES;
				GCC_WARN_ABOUT_RETURN_TYPE = YES_ERROR;
				GCC_WARN_UNDECLARED_SELECTOR = YES;
				GCC_WARN_UNINITIALIZED_AUTOS = YES_AGGRESSIVE;
				GCC_WARN_UNUSED_FUNCTION = YES;
				GCC_WARN_UNUSED_VARIABLE = YES;
				IPHONEOS_DEPLOYMENT_TARGET = 11.2;
				MTL_ENABLE_DEBUG_INFO = YES;
				ONLY_ACTIVE_ARCH = YES;
				SDKROOT = iphoneos;
			};
			name = Debug;
		};
		FD3332AD20BFD3DC00578F73 /* Release */ = {
			isa = XCBuildConfiguration;
			buildSettings = {
				ALWAYS_SEARCH_USER_PATHS = NO;
				CLANG_ANALYZER_NONNULL = YES;
				CLANG_ANALYZER_NUMBER_OBJECT_CONVERSION = YES_AGGRESSIVE;
				CLANG_CXX_LANGUAGE_STANDARD = "gnu++14";
				CLANG_CXX_LIBRARY = "libc++";
				CLANG_ENABLE_MODULES = YES;
				CLANG_ENABLE_OBJC_ARC = YES;
				CLANG_WARN_BLOCK_CAPTURE_AUTORELEASING = YES;
				CLANG_WARN_BOOL_CONVERSION = YES;
				CLANG_WARN_COMMA = YES;
				CLANG_WARN_CONSTANT_CONVERSION = YES;
				CLANG_WARN_DIRECT_OBJC_ISA_USAGE = YES_ERROR;
				CLANG_WARN_DOCUMENTATION_COMMENTS = YES;
				CLANG_WARN_EMPTY_BODY = YES;
				CLANG_WARN_ENUM_CONVERSION = YES;
				CLANG_WARN_INFINITE_RECURSION = YES;
				CLANG_WARN_INT_CONVERSION = YES;
				CLANG_WARN_NON_LITERAL_NULL_CONVERSION = YES;
				CLANG_WARN_OBJC_LITERAL_CONVERSION = YES;
				CLANG_WARN_OBJC_ROOT_CLASS = YES_ERROR;
				CLANG_WARN_RANGE_LOOP_ANALYSIS = YES;
				CLANG_WARN_STRICT_PROTOTYPES = YES;
				CLANG_WARN_SUSPICIOUS_MOVE = YES;
				CLANG_WARN_UNGUARDED_AVAILABILITY = YES_AGGRESSIVE;
				CLANG_WARN_UNREACHABLE_CODE = YES;
				CLANG_WARN__DUPLICATE_METHOD_MATCH = YES;
				CODE_SIGN_IDENTITY = "iPhone Developer";
				COPY_PHASE_STRIP = NO;
				DEBUG_INFORMATION_FORMAT = "dwarf-with-dsym";
				ENABLE_NS_ASSERTIONS = NO;
				ENABLE_STRICT_OBJC_MSGSEND = YES;
				GCC_C_LANGUAGE_STANDARD = gnu11;
				GCC_NO_COMMON_BLOCKS = YES;
				GCC_WARN_64_TO_32_BIT_CONVERSION = YES;
				GCC_WARN_ABOUT_RETURN_TYPE = YES_ERROR;
				GCC_WARN_UNDECLARED_SELECTOR = YES;
				GCC_WARN_UNINITIALIZED_AUTOS = YES_AGGRESSIVE;
				GCC_WARN_UNUSED_FUNCTION = YES;
				GCC_WARN_UNUSED_VARIABLE = YES;
				IPHONEOS_DEPLOYMENT_TARGET = 11.2;
				MTL_ENABLE_DEBUG_INFO = NO;
				SDKROOT = iphoneos;
				VALIDATE_PRODUCT = YES;
			};
			name = Release;
		};
		FD3332AF20BFD3DC00578F73 /* Debug */ = {
			isa = XCBuildConfiguration;
			buildSettings = {
				ASSETCATALOG_COMPILER_APPICON_NAME = AppIcon;
				CODE_SIGN_STYLE = Automatic;
				INFOPLIST_FILE = DynamicBackgroundTable/Info.plist;
				LD_RUNPATH_SEARCH_PATHS = "$(inherited) @executable_path/Frameworks";
				PRODUCT_BUNDLE_IDENTIFIER = com.company.DynamicBackgroundTable;
				PRODUCT_NAME = "$(TARGET_NAME)";
				TARGETED_DEVICE_FAMILY = "1,2";
			};
			name = Debug;
		};
		FD3332B020BFD3DC00578F73 /* Release */ = {
			isa = XCBuildConfiguration;
			buildSettings = {
				ASSETCATALOG_COMPILER_APPICON_NAME = AppIcon;
				CODE_SIGN_STYLE = Automatic;
				INFOPLIST_FILE = DynamicBackgroundTable/Info.plist;
				LD_RUNPATH_SEARCH_PATHS = "$(inherited) @executable_path/Frameworks";
				PRODUCT_BUNDLE_IDENTIFIER = com.company.DynamicBackgroundTable;
				PRODUCT_NAME = "$(TARGET_NAME)";
				TARGETED_DEVICE_FAMILY = "1,2";
			};
			name = Release;
		};
/* End XCBuildConfiguration section */

/* Begin XCConfigurationList section */
		FD33329320BFD3DC00578F73 /* Build configuration list for PBXProject "DynamicBackgroundTable" */ = {
			isa = XCConfigurationList;
			buildConfigurations = (
				FD3332AC20BFD3DC00578F73 /* Debug */,
				FD3332AD20BFD3DC00578F73 /* Release */,
			);
			defaultConfigurationIsVisible = 0;
			defaultConfigurationName = Release;
		};
		FD3332AE20BFD3DC00578F73 /* Build configuration list for PBXNativeTarget "DynamicBackgroundTable" */ = {
			isa = XCConfigurationList;
			buildConfigurations = (
				FD3332AF20BFD3DC00578F73 /* Debug */,
				FD3332B020BFD3DC00578F73 /* Release */,
			);
			defaultConfigurationIsVisible = 0;
			defaultConfigurationName = Release;
		};
/* End XCConfigurationList section */
	};
	rootObject = FD33329020BFD3DC00578F73 /* Project object */;
}
